<?xml version="1.0" encoding="utf-8"?>
<Project ToolsVersion="4.0" xmlns="http://schemas.microsoft.com/developer/msbuild/2003">
  <ItemGroup>
    <ClCompile Include="src\ofApp.cpp">
      <Filter>src</Filter>
    </ClCompile>
    <ClCompile Include="src\main.cpp">
      <Filter>src</Filter>
    </ClCompile>
    <ClCompile Include="..\..\..\addons\ofxOpenCv\src\ofxCvColorImage.cpp">
      <Filter>addons\ofxOpenCv\src</Filter>
    </ClCompile>
    <ClCompile Include="..\..\..\addons\ofxOpenCv\src\ofxCvContourFinder.cpp">
      <Filter>addons\ofxOpenCv\src</Filter>
    </ClCompile>
    <ClCompile Include="..\..\..\addons\ofxOpenCv\src\ofxCvFloatImage.cpp">
      <Filter>addons\ofxOpenCv\src</Filter>
    </ClCompile>
    <ClCompile Include="..\..\..\addons\ofxOpenCv\src\ofxCvGrayscaleImage.cpp">
      <Filter>addons\ofxOpenCv\src</Filter>
    </ClCompile>
    <ClCompile Include="..\..\..\addons\ofxOpenCv\src\ofxCvHaarFinder.cpp">
      <Filter>addons\ofxOpenCv\src</Filter>
    </ClCompile>
    <ClCompile Include="..\..\..\addons\ofxOpenCv\src\ofxCvImage.cpp">
      <Filter>addons\ofxOpenCv\src</Filter>
    </ClCompile>
    <ClCompile Include="..\..\..\addons\ofxOpenCv\src\ofxCvShortImage.cpp">
      <Filter>addons\ofxOpenCv\src</Filter>
    </ClCompile>
    <ClCompile Include="..\..\..\addons\ofxJSON\src\ofxJSONElement.cpp">
      <Filter>addons\ofxJSON\src</Filter>
    </ClCompile>
    <ClCompile Include="..\..\..\addons\ofxJSON\libs\jsoncpp\src\jsoncpp.cpp">
      <Filter>addons\ofxJSON\libs\jsoncpp\src</Filter>
    </ClCompile>
    <ClCompile Include="src\openPoseUtil.cpp">
      <Filter>src</Filter>
    </ClCompile>
  </ItemGroup>
  <ItemGroup>
    <Filter Include="src">
      <UniqueIdentifier>{d8376475-7454-4a24-b08a-aac121d3ad6f}</UniqueIdentifier>
    </Filter>
    <Filter Include="addons">
      <UniqueIdentifier>{16ba5cf8-1d85-4f86-83e8-f1ef74e6238b}</UniqueIdentifier>
    </Filter>
    <Filter Include="addons\ofxOpenCv">
      <UniqueIdentifier>{18c7648d-696e-4979-a297-b6c69e39780d}</UniqueIdentifier>
    </Filter>
    <Filter Include="addons\ofxOpenCv\src">
      <UniqueIdentifier>{88cf3f42-22a7-4688-b700-f587d4e1bce9}</UniqueIdentifier>
    </Filter>
    <Filter Include="addons\ofxOpenCv\libs">
      <UniqueIdentifier>{c9d5ca54-9bfc-4c86-8c96-25beeaa235a9}</UniqueIdentifier>
    </Filter>
    <Filter Include="addons\ofxOpenCv\libs\opencv">
      <UniqueIdentifier>{4f6b2c64-f530-4319-a52e-43fa68bada65}</UniqueIdentifier>
    </Filter>
    <Filter Include="addons\ofxOpenCv\libs\opencv\include">
      <UniqueIdentifier>{4481f42b-a04e-4465-a333-f356b8826815}</UniqueIdentifier>
    </Filter>
    <Filter Include="addons\ofxOpenCv\libs\opencv\include\opencv">
      <UniqueIdentifier>{8bdd9788-6359-471b-b3e3-1765ff4d1a27}</UniqueIdentifier>
    </Filter>
    <Filter Include="addons\ofxOpenCv\libs\opencv\include\opencv2">
      <UniqueIdentifier>{0d11d701-3647-4847-8be6-539ddac08c8a}</UniqueIdentifier>
    </Filter>
    <Filter Include="addons\ofxOpenCv\libs\opencv\include\opencv2\calib3d">
      <UniqueIdentifier>{bbdf7ae4-951a-4b26-a163-81ad6ea24dcd}</UniqueIdentifier>
    </Filter>
    <Filter Include="addons\ofxOpenCv\libs\opencv\include\opencv2\contrib">
      <UniqueIdentifier>{693fb03c-4382-4bd7-895b-001352e04a74}</UniqueIdentifier>
    </Filter>
    <Filter Include="addons\ofxOpenCv\libs\opencv\include\opencv2\core">
      <UniqueIdentifier>{5523c032-9f0b-47e1-903a-8997e800d93b}</UniqueIdentifier>
    </Filter>
    <Filter Include="addons\ofxOpenCv\libs\opencv\include\opencv2\features2d">
      <UniqueIdentifier>{bd6c6cd8-c81e-4e32-85f3-dda5b69fe308}</UniqueIdentifier>
    </Filter>
    <Filter Include="addons\ofxOpenCv\libs\opencv\include\opencv2\flann">
      <UniqueIdentifier>{6bbccf6b-6551-4284-ad8b-e92ce3640d32}</UniqueIdentifier>
    </Filter>
    <Filter Include="addons\ofxOpenCv\libs\opencv\include\opencv2\gpu">
      <UniqueIdentifier>{24175f17-1c8d-40e8-bf7a-9d5c69363992}</UniqueIdentifier>
    </Filter>
    <Filter Include="addons\ofxOpenCv\libs\opencv\include\opencv2\gpu\device">
      <UniqueIdentifier>{930305d1-5242-443f-81d4-1f72fa2baf44}</UniqueIdentifier>
    </Filter>
    <Filter Include="addons\ofxOpenCv\libs\opencv\include\opencv2\gpu\device\detail">
      <UniqueIdentifier>{2d84f853-ec96-4730-be7d-c3779d80ccd5}</UniqueIdentifier>
    </Filter>
    <Filter Include="addons\ofxOpenCv\libs\opencv\include\opencv2\highgui">
      <UniqueIdentifier>{e49eeded-9449-4aa4-9ef5-8e400520f375}</UniqueIdentifier>
    </Filter>
    <Filter Include="addons\ofxOpenCv\libs\opencv\include\opencv2\imgproc">
      <UniqueIdentifier>{540f8346-81d5-4480-ba9a-716e8c0e18a6}</UniqueIdentifier>
    </Filter>
    <Filter Include="addons\ofxOpenCv\libs\opencv\include\opencv2\legacy">
      <UniqueIdentifier>{eadf3d95-a442-44e7-9758-2e1bc26f2369}</UniqueIdentifier>
    </Filter>
    <Filter Include="addons\ofxOpenCv\libs\opencv\include\opencv2\ml">
      <UniqueIdentifier>{fbc7df8d-2c0a-4e60-89e8-7161518b4d34}</UniqueIdentifier>
    </Filter>
    <Filter Include="addons\ofxOpenCv\libs\opencv\include\opencv2\nonfree">
      <UniqueIdentifier>{dd1cc049-7484-4db2-b634-fb0535fca3f7}</UniqueIdentifier>
    </Filter>
    <Filter Include="addons\ofxOpenCv\libs\opencv\include\opencv2\objdetect">
      <UniqueIdentifier>{e37c2c97-a597-4083-96c7-0a1adb04d0c1}</UniqueIdentifier>
    </Filter>
    <Filter Include="addons\ofxOpenCv\libs\opencv\include\opencv2\photo">
      <UniqueIdentifier>{517c67f8-988b-4074-b0d2-a0d3d29b9ceb}</UniqueIdentifier>
    </Filter>
    <Filter Include="addons\ofxOpenCv\libs\opencv\include\opencv2\stitching">
      <UniqueIdentifier>{9ecaf3e3-fe91-4241-b0b6-a23cea4d185a}</UniqueIdentifier>
    </Filter>
    <Filter Include="addons\ofxOpenCv\libs\opencv\include\opencv2\stitching\detail">
      <UniqueIdentifier>{938b1e8c-c166-4b26-b86a-d33c149aa571}</UniqueIdentifier>
    </Filter>
    <Filter Include="addons\ofxOpenCv\libs\opencv\include\opencv2\superres">
      <UniqueIdentifier>{771001a4-b908-48a7-97cd-a5fdce7f7baf}</UniqueIdentifier>
    </Filter>
    <Filter Include="addons\ofxOpenCv\libs\opencv\include\opencv2\ts">
      <UniqueIdentifier>{78153af7-9fc7-4dc3-af73-9340620a92f3}</UniqueIdentifier>
    </Filter>
    <Filter Include="addons\ofxOpenCv\libs\opencv\include\opencv2\video">
      <UniqueIdentifier>{cd025861-595e-405c-b86a-780acf977938}</UniqueIdentifier>
    </Filter>
    <Filter Include="addons\ofxOpenCv\libs\opencv\include\opencv2\videostab">
      <UniqueIdentifier>{d7922e65-a029-4745-9f58-e709821b3ae5}</UniqueIdentifier>
    </Filter>
    <Filter Include="addons\ofxJSON">
      <UniqueIdentifier>{7045d836-9a18-4436-8b4f-3efd52f6868d}</UniqueIdentifier>
    </Filter>
    <Filter Include="addons\ofxJSON\src">
      <UniqueIdentifier>{954360ac-58bc-4c86-b189-9b1a17c94924}</UniqueIdentifier>
    </Filter>
    <Filter Include="addons\ofxJSON\libs">
      <UniqueIdentifier>{12a94b35-0e11-4ac7-a3aa-909bf63cd828}</UniqueIdentifier>
    </Filter>
    <Filter Include="addons\ofxJSON\libs\jsoncpp">
      <UniqueIdentifier>{fe727459-a470-4c2f-bf0f-f079a0f319a5}</UniqueIdentifier>
    </Filter>
    <Filter Include="addons\ofxJSON\libs\jsoncpp\include">
      <UniqueIdentifier>{abe238af-7c19-45a3-8691-f6aca421bcea}</UniqueIdentifier>
    </Filter>
    <Filter Include="addons\ofxJSON\libs\jsoncpp\include\json">
      <UniqueIdentifier>{ca42e313-2b4d-4d94-ba08-5d884548bb1f}</UniqueIdentifier>
    </Filter>
    <Filter Include="addons\ofxJSON\libs\jsoncpp\src">
      <UniqueIdentifier>{36584f78-9340-4a96-a7a4-7c469d60414c}</UniqueIdentifier>
    </Filter>
  </ItemGroup>
  <ItemGroup>
    <ClInclude Include="src\ofApp.h">
      <Filter>src</Filter>
    </ClInclude>
    <ClInclude Include="..\..\..\addons\ofxOpenCv\src\ofxCvBlob.h">
      <Filter>addons\ofxOpenCv\src</Filter>
    </ClInclude>
    <ClInclude Include="..\..\..\addons\ofxOpenCv\src\ofxCvColorImage.h">
      <Filter>addons\ofxOpenCv\src</Filter>
    </ClInclude>
    <ClInclude Include="..\..\..\addons\ofxOpenCv\src\ofxCvConstants.h">
      <Filter>addons\ofxOpenCv\src</Filter>
    </ClInclude>
    <ClInclude Include="..\..\..\addons\ofxOpenCv\src\ofxCvContourFinder.h">
      <Filter>addons\ofxOpenCv\src</Filter>
    </ClInclude>
    <ClInclude Include="..\..\..\addons\ofxOpenCv\src\ofxCvFloatImage.h">
      <Filter>addons\ofxOpenCv\src</Filter>
    </ClInclude>
    <ClInclude Include="..\..\..\addons\ofxOpenCv\src\ofxCvGrayscaleImage.h">
      <Filter>addons\ofxOpenCv\src</Filter>
    </ClInclude>
    <ClInclude Include="..\..\..\addons\ofxOpenCv\src\ofxCvHaarFinder.h">
      <Filter>addons\ofxOpenCv\src</Filter>
    </ClInclude>
    <ClInclude Include="..\..\..\addons\ofxOpenCv\src\ofxCvImage.h">
      <Filter>addons\ofxOpenCv\src</Filter>
    </ClInclude>
    <ClInclude Include="..\..\..\addons\ofxOpenCv\src\ofxCvShortImage.h">
      <Filter>addons\ofxOpenCv\src</Filter>
    </ClInclude>
    <ClInclude Include="..\..\..\addons\ofxOpenCv\src\ofxOpenCv.h">
      <Filter>addons\ofxOpenCv\src</Filter>
    </ClInclude>
    <ClInclude Include="..\..\..\addons\ofxOpenCv\libs\opencv\include\opencv\cv.h">
      <Filter>addons\ofxOpenCv\libs\opencv\include\opencv</Filter>
    </ClInclude>
    <ClInclude Include="..\..\..\addons\ofxOpenCv\libs\opencv\include\opencv\cvaux.h">
      <Filter>addons\ofxOpenCv\libs\opencv\include\opencv</Filter>
    </ClInclude>
    <ClInclude Include="..\..\..\addons\ofxOpenCv\libs\opencv\include\opencv\cvwimage.h">
      <Filter>addons\ofxOpenCv\libs\opencv\include\opencv</Filter>
    </ClInclude>
    <ClInclude Include="..\..\..\addons\ofxOpenCv\libs\opencv\include\opencv\cxcore.h">
      <Filter>addons\ofxOpenCv\libs\opencv\include\opencv</Filter>
    </ClInclude>
    <ClInclude Include="..\..\..\addons\ofxOpenCv\libs\opencv\include\opencv\cxmisc.h">
      <Filter>addons\ofxOpenCv\libs\opencv\include\opencv</Filter>
    </ClInclude>
    <ClInclude Include="..\..\..\addons\ofxOpenCv\libs\opencv\include\opencv\highgui.h">
      <Filter>addons\ofxOpenCv\libs\opencv\include\opencv</Filter>
    </ClInclude>
    <ClInclude Include="..\..\..\addons\ofxOpenCv\libs\opencv\include\opencv\ml.h">
      <Filter>addons\ofxOpenCv\libs\opencv\include\opencv</Filter>
    </ClInclude>
    <ClInclude Include="..\..\..\addons\ofxOpenCv\libs\opencv\include\opencv\cv.hpp">
      <Filter>addons\ofxOpenCv\libs\opencv\include\opencv</Filter>
    </ClInclude>
    <ClInclude Include="..\..\..\addons\ofxOpenCv\libs\opencv\include\opencv\cvaux.hpp">
      <Filter>addons\ofxOpenCv\libs\opencv\include\opencv</Filter>
    </ClInclude>
    <ClInclude Include="..\..\..\addons\ofxOpenCv\libs\opencv\include\opencv\cxcore.hpp">
      <Filter>addons\ofxOpenCv\libs\opencv\include\opencv</Filter>
    </ClInclude>
    <ClInclude Include="..\..\..\addons\ofxOpenCv\libs\opencv\include\opencv\cxeigen.hpp">
      <Filter>addons\ofxOpenCv\libs\opencv\include\opencv</Filter>
    </ClInclude>
    <ClInclude Include="..\..\..\addons\ofxOpenCv\libs\opencv\include\opencv2\opencv.hpp">
      <Filter>addons\ofxOpenCv\libs\opencv\include\opencv2</Filter>
    </ClInclude>
    <ClInclude Include="..\..\..\addons\ofxOpenCv\libs\opencv\include\opencv2\opencv_modules.hpp">
      <Filter>addons\ofxOpenCv\libs\opencv\include\opencv2</Filter>
    </ClInclude>
    <ClInclude Include="..\..\..\addons\ofxOpenCv\libs\opencv\include\opencv2\calib3d\calib3d.hpp">
      <Filter>addons\ofxOpenCv\libs\opencv\include\opencv2\calib3d</Filter>
    </ClInclude>
    <ClInclude Include="..\..\..\addons\ofxOpenCv\libs\opencv\include\opencv2\contrib\contrib.hpp">
      <Filter>addons\ofxOpenCv\libs\opencv\include\opencv2\contrib</Filter>
    </ClInclude>
    <ClInclude Include="..\..\..\addons\ofxOpenCv\libs\opencv\include\opencv2\contrib\detection_based_tracker.hpp">
      <Filter>addons\ofxOpenCv\libs\opencv\include\opencv2\contrib</Filter>
    </ClInclude>
    <ClInclude Include="..\..\..\addons\ofxOpenCv\libs\opencv\include\opencv2\contrib\hybridtracker.hpp">
      <Filter>addons\ofxOpenCv\libs\opencv\include\opencv2\contrib</Filter>
    </ClInclude>
    <ClInclude Include="..\..\..\addons\ofxOpenCv\libs\opencv\include\opencv2\contrib\openfabmap.hpp">
      <Filter>addons\ofxOpenCv\libs\opencv\include\opencv2\contrib</Filter>
    </ClInclude>
    <ClInclude Include="..\..\..\addons\ofxOpenCv\libs\opencv\include\opencv2\contrib\retina.hpp">
      <Filter>addons\ofxOpenCv\libs\opencv\include\opencv2\contrib</Filter>
    </ClInclude>
    <ClInclude Include="..\..\..\addons\ofxOpenCv\libs\opencv\include\opencv2\core\core_c.h">
      <Filter>addons\ofxOpenCv\libs\opencv\include\opencv2\core</Filter>
    </ClInclude>
    <ClInclude Include="..\..\..\addons\ofxOpenCv\libs\opencv\include\opencv2\core\types_c.h">
      <Filter>addons\ofxOpenCv\libs\opencv\include\opencv2\core</Filter>
    </ClInclude>
    <ClInclude Include="..\..\..\addons\ofxOpenCv\libs\opencv\include\opencv2\core\affine.hpp">
      <Filter>addons\ofxOpenCv\libs\opencv\include\opencv2\core</Filter>
    </ClInclude>
    <ClInclude Include="..\..\..\addons\ofxOpenCv\libs\opencv\include\opencv2\core\core.hpp">
      <Filter>addons\ofxOpenCv\libs\opencv\include\opencv2\core</Filter>
    </ClInclude>
    <ClInclude Include="..\..\..\addons\ofxOpenCv\libs\opencv\include\opencv2\core\cuda_devptrs.hpp">
      <Filter>addons\ofxOpenCv\libs\opencv\include\opencv2\core</Filter>
    </ClInclude>
    <ClInclude Include="..\..\..\addons\ofxOpenCv\libs\opencv\include\opencv2\core\devmem2d.hpp">
      <Filter>addons\ofxOpenCv\libs\opencv\include\opencv2\core</Filter>
    </ClInclude>
    <ClInclude Include="..\..\..\addons\ofxOpenCv\libs\opencv\include\opencv2\core\eigen.hpp">
      <Filter>addons\ofxOpenCv\libs\opencv\include\opencv2\core</Filter>
    </ClInclude>
    <ClInclude Include="..\..\..\addons\ofxOpenCv\libs\opencv\include\opencv2\core\gpumat.hpp">
      <Filter>addons\ofxOpenCv\libs\opencv\include\opencv2\core</Filter>
    </ClInclude>
    <ClInclude Include="..\..\..\addons\ofxOpenCv\libs\opencv\include\opencv2\core\internal.hpp">
      <Filter>addons\ofxOpenCv\libs\opencv\include\opencv2\core</Filter>
    </ClInclude>
    <ClInclude Include="..\..\..\addons\ofxOpenCv\libs\opencv\include\opencv2\core\mat.hpp">
      <Filter>addons\ofxOpenCv\libs\opencv\include\opencv2\core</Filter>
    </ClInclude>
    <ClInclude Include="..\..\..\addons\ofxOpenCv\libs\opencv\include\opencv2\core\opengl_interop.hpp">
      <Filter>addons\ofxOpenCv\libs\opencv\include\opencv2\core</Filter>
    </ClInclude>
    <ClInclude Include="..\..\..\addons\ofxOpenCv\libs\opencv\include\opencv2\core\opengl_interop_deprecated.hpp">
      <Filter>addons\ofxOpenCv\libs\opencv\include\opencv2\core</Filter>
    </ClInclude>
    <ClInclude Include="..\..\..\addons\ofxOpenCv\libs\opencv\include\opencv2\core\operations.hpp">
      <Filter>addons\ofxOpenCv\libs\opencv\include\opencv2\core</Filter>
    </ClInclude>
    <ClInclude Include="..\..\..\addons\ofxOpenCv\libs\opencv\include\opencv2\core\version.hpp">
      <Filter>addons\ofxOpenCv\libs\opencv\include\opencv2\core</Filter>
    </ClInclude>
    <ClInclude Include="..\..\..\addons\ofxOpenCv\libs\opencv\include\opencv2\core\wimage.hpp">
      <Filter>addons\ofxOpenCv\libs\opencv\include\opencv2\core</Filter>
    </ClInclude>
    <ClInclude Include="..\..\..\addons\ofxOpenCv\libs\opencv\include\opencv2\features2d\features2d.hpp">
      <Filter>addons\ofxOpenCv\libs\opencv\include\opencv2\features2d</Filter>
    </ClInclude>
    <ClInclude Include="..\..\..\addons\ofxOpenCv\libs\opencv\include\opencv2\flann\allocator.h">
      <Filter>addons\ofxOpenCv\libs\opencv\include\opencv2\flann</Filter>
    </ClInclude>
    <ClInclude Include="..\..\..\addons\ofxOpenCv\libs\opencv\include\opencv2\flann\all_indices.h">
      <Filter>addons\ofxOpenCv\libs\opencv\include\opencv2\flann</Filter>
    </ClInclude>
    <ClInclude Include="..\..\..\addons\ofxOpenCv\libs\opencv\include\opencv2\flann\any.h">
      <Filter>addons\ofxOpenCv\libs\opencv\include\opencv2\flann</Filter>
    </ClInclude>
    <ClInclude Include="..\..\..\addons\ofxOpenCv\libs\opencv\include\opencv2\flann\autotuned_index.h">
      <Filter>addons\ofxOpenCv\libs\opencv\include\opencv2\flann</Filter>
    </ClInclude>
    <ClInclude Include="..\..\..\addons\ofxOpenCv\libs\opencv\include\opencv2\flann\composite_index.h">
      <Filter>addons\ofxOpenCv\libs\opencv\include\opencv2\flann</Filter>
    </ClInclude>
    <ClInclude Include="..\..\..\addons\ofxOpenCv\libs\opencv\include\opencv2\flann\config.h">
      <Filter>addons\ofxOpenCv\libs\opencv\include\opencv2\flann</Filter>
    </ClInclude>
    <ClInclude Include="..\..\..\addons\ofxOpenCv\libs\opencv\include\opencv2\flann\defines.h">
      <Filter>addons\ofxOpenCv\libs\opencv\include\opencv2\flann</Filter>
    </ClInclude>
    <ClInclude Include="..\..\..\addons\ofxOpenCv\libs\opencv\include\opencv2\flann\dist.h">
      <Filter>addons\ofxOpenCv\libs\opencv\include\opencv2\flann</Filter>
    </ClInclude>
    <ClInclude Include="..\..\..\addons\ofxOpenCv\libs\opencv\include\opencv2\flann\dummy.h">
      <Filter>addons\ofxOpenCv\libs\opencv\include\opencv2\flann</Filter>
    </ClInclude>
    <ClInclude Include="..\..\..\addons\ofxOpenCv\libs\opencv\include\opencv2\flann\dynamic_bitset.h">
      <Filter>addons\ofxOpenCv\libs\opencv\include\opencv2\flann</Filter>
    </ClInclude>
    <ClInclude Include="..\..\..\addons\ofxOpenCv\libs\opencv\include\opencv2\flann\general.h">
      <Filter>addons\ofxOpenCv\libs\opencv\include\opencv2\flann</Filter>
    </ClInclude>
    <ClInclude Include="..\..\..\addons\ofxOpenCv\libs\opencv\include\opencv2\flann\ground_truth.h">
      <Filter>addons\ofxOpenCv\libs\opencv\include\opencv2\flann</Filter>
    </ClInclude>
    <ClInclude Include="..\..\..\addons\ofxOpenCv\libs\opencv\include\opencv2\flann\hdf5.h">
      <Filter>addons\ofxOpenCv\libs\opencv\include\opencv2\flann</Filter>
    </ClInclude>
    <ClInclude Include="..\..\..\addons\ofxOpenCv\libs\opencv\include\opencv2\flann\heap.h">
      <Filter>addons\ofxOpenCv\libs\opencv\include\opencv2\flann</Filter>
    </ClInclude>
    <ClInclude Include="..\..\..\addons\ofxOpenCv\libs\opencv\include\opencv2\flann\hierarchical_clustering_index.h">
      <Filter>addons\ofxOpenCv\libs\opencv\include\opencv2\flann</Filter>
    </ClInclude>
    <ClInclude Include="..\..\..\addons\ofxOpenCv\libs\opencv\include\opencv2\flann\index_testing.h">
      <Filter>addons\ofxOpenCv\libs\opencv\include\opencv2\flann</Filter>
    </ClInclude>
    <ClInclude Include="..\..\..\addons\ofxOpenCv\libs\opencv\include\opencv2\flann\kdtree_index.h">
      <Filter>addons\ofxOpenCv\libs\opencv\include\opencv2\flann</Filter>
    </ClInclude>
    <ClInclude Include="..\..\..\addons\ofxOpenCv\libs\opencv\include\opencv2\flann\kdtree_single_index.h">
      <Filter>addons\ofxOpenCv\libs\opencv\include\opencv2\flann</Filter>
    </ClInclude>
    <ClInclude Include="..\..\..\addons\ofxOpenCv\libs\opencv\include\opencv2\flann\kmeans_index.h">
      <Filter>addons\ofxOpenCv\libs\opencv\include\opencv2\flann</Filter>
    </ClInclude>
    <ClInclude Include="..\..\..\addons\ofxOpenCv\libs\opencv\include\opencv2\flann\linear_index.h">
      <Filter>addons\ofxOpenCv\libs\opencv\include\opencv2\flann</Filter>
    </ClInclude>
    <ClInclude Include="..\..\..\addons\ofxOpenCv\libs\opencv\include\opencv2\flann\logger.h">
      <Filter>addons\ofxOpenCv\libs\opencv\include\opencv2\flann</Filter>
    </ClInclude>
    <ClInclude Include="..\..\..\addons\ofxOpenCv\libs\opencv\include\opencv2\flann\lsh_index.h">
      <Filter>addons\ofxOpenCv\libs\opencv\include\opencv2\flann</Filter>
    </ClInclude>
    <ClInclude Include="..\..\..\addons\ofxOpenCv\libs\opencv\include\opencv2\flann\lsh_table.h">
      <Filter>addons\ofxOpenCv\libs\opencv\include\opencv2\flann</Filter>
    </ClInclude>
    <ClInclude Include="..\..\..\addons\ofxOpenCv\libs\opencv\include\opencv2\flann\matrix.h">
      <Filter>addons\ofxOpenCv\libs\opencv\include\opencv2\flann</Filter>
    </ClInclude>
    <ClInclude Include="..\..\..\addons\ofxOpenCv\libs\opencv\include\opencv2\flann\nn_index.h">
      <Filter>addons\ofxOpenCv\libs\opencv\include\opencv2\flann</Filter>
    </ClInclude>
    <ClInclude Include="..\..\..\addons\ofxOpenCv\libs\opencv\include\opencv2\flann\object_factory.h">
      <Filter>addons\ofxOpenCv\libs\opencv\include\opencv2\flann</Filter>
    </ClInclude>
    <ClInclude Include="..\..\..\addons\ofxOpenCv\libs\opencv\include\opencv2\flann\params.h">
      <Filter>addons\ofxOpenCv\libs\opencv\include\opencv2\flann</Filter>
    </ClInclude>
    <ClInclude Include="..\..\..\addons\ofxOpenCv\libs\opencv\include\opencv2\flann\random.h">
      <Filter>addons\ofxOpenCv\libs\opencv\include\opencv2\flann</Filter>
    </ClInclude>
    <ClInclude Include="..\..\..\addons\ofxOpenCv\libs\opencv\include\opencv2\flann\result_set.h">
      <Filter>addons\ofxOpenCv\libs\opencv\include\opencv2\flann</Filter>
    </ClInclude>
    <ClInclude Include="..\..\..\addons\ofxOpenCv\libs\opencv\include\opencv2\flann\sampling.h">
      <Filter>addons\ofxOpenCv\libs\opencv\include\opencv2\flann</Filter>
    </ClInclude>
    <ClInclude Include="..\..\..\addons\ofxOpenCv\libs\opencv\include\opencv2\flann\saving.h">
      <Filter>addons\ofxOpenCv\libs\opencv\include\opencv2\flann</Filter>
    </ClInclude>
    <ClInclude Include="..\..\..\addons\ofxOpenCv\libs\opencv\include\opencv2\flann\simplex_downhill.h">
      <Filter>addons\ofxOpenCv\libs\opencv\include\opencv2\flann</Filter>
    </ClInclude>
    <ClInclude Include="..\..\..\addons\ofxOpenCv\libs\opencv\include\opencv2\flann\timer.h">
      <Filter>addons\ofxOpenCv\libs\opencv\include\opencv2\flann</Filter>
    </ClInclude>
    <ClInclude Include="..\..\..\addons\ofxOpenCv\libs\opencv\include\opencv2\flann\flann.hpp">
      <Filter>addons\ofxOpenCv\libs\opencv\include\opencv2\flann</Filter>
    </ClInclude>
    <ClInclude Include="..\..\..\addons\ofxOpenCv\libs\opencv\include\opencv2\flann\flann_base.hpp">
      <Filter>addons\ofxOpenCv\libs\opencv\include\opencv2\flann</Filter>
    </ClInclude>
    <ClInclude Include="..\..\..\addons\ofxOpenCv\libs\opencv\include\opencv2\flann\miniflann.hpp">
      <Filter>addons\ofxOpenCv\libs\opencv\include\opencv2\flann</Filter>
    </ClInclude>
    <ClInclude Include="..\..\..\addons\ofxOpenCv\libs\opencv\include\opencv2\gpu\devmem2d.hpp">
      <Filter>addons\ofxOpenCv\libs\opencv\include\opencv2\gpu</Filter>
    </ClInclude>
    <ClInclude Include="..\..\..\addons\ofxOpenCv\libs\opencv\include\opencv2\gpu\gpu.hpp">
      <Filter>addons\ofxOpenCv\libs\opencv\include\opencv2\gpu</Filter>
    </ClInclude>
    <ClInclude Include="..\..\..\addons\ofxOpenCv\libs\opencv\include\opencv2\gpu\gpumat.hpp">
      <Filter>addons\ofxOpenCv\libs\opencv\include\opencv2\gpu</Filter>
    </ClInclude>
    <ClInclude Include="..\..\..\addons\ofxOpenCv\libs\opencv\include\opencv2\gpu\stream_accessor.hpp">
      <Filter>addons\ofxOpenCv\libs\opencv\include\opencv2\gpu</Filter>
    </ClInclude>
    <ClInclude Include="..\..\..\addons\ofxOpenCv\libs\opencv\include\opencv2\gpu\device\block.hpp">
      <Filter>addons\ofxOpenCv\libs\opencv\include\opencv2\gpu\device</Filter>
    </ClInclude>
    <ClInclude Include="..\..\..\addons\ofxOpenCv\libs\opencv\include\opencv2\gpu\device\border_interpolate.hpp">
      <Filter>addons\ofxOpenCv\libs\opencv\include\opencv2\gpu\device</Filter>
    </ClInclude>
    <ClInclude Include="..\..\..\addons\ofxOpenCv\libs\opencv\include\opencv2\gpu\device\color.hpp">
      <Filter>addons\ofxOpenCv\libs\opencv\include\opencv2\gpu\device</Filter>
    </ClInclude>
    <ClInclude Include="..\..\..\addons\ofxOpenCv\libs\opencv\include\opencv2\gpu\device\common.hpp">
      <Filter>addons\ofxOpenCv\libs\opencv\include\opencv2\gpu\device</Filter>
    </ClInclude>
    <ClInclude Include="..\..\..\addons\ofxOpenCv\libs\opencv\include\opencv2\gpu\device\datamov_utils.hpp">
      <Filter>addons\ofxOpenCv\libs\opencv\include\opencv2\gpu\device</Filter>
    </ClInclude>
    <ClInclude Include="..\..\..\addons\ofxOpenCv\libs\opencv\include\opencv2\gpu\device\dynamic_smem.hpp">
      <Filter>addons\ofxOpenCv\libs\opencv\include\opencv2\gpu\device</Filter>
    </ClInclude>
    <ClInclude Include="..\..\..\addons\ofxOpenCv\libs\opencv\include\opencv2\gpu\device\emulation.hpp">
      <Filter>addons\ofxOpenCv\libs\opencv\include\opencv2\gpu\device</Filter>
    </ClInclude>
    <ClInclude Include="..\..\..\addons\ofxOpenCv\libs\opencv\include\opencv2\gpu\device\filters.hpp">
      <Filter>addons\ofxOpenCv\libs\opencv\include\opencv2\gpu\device</Filter>
    </ClInclude>
    <ClInclude Include="..\..\..\addons\ofxOpenCv\libs\opencv\include\opencv2\gpu\device\funcattrib.hpp">
      <Filter>addons\ofxOpenCv\libs\opencv\include\opencv2\gpu\device</Filter>
    </ClInclude>
    <ClInclude Include="..\..\..\addons\ofxOpenCv\libs\opencv\include\opencv2\gpu\device\functional.hpp">
      <Filter>addons\ofxOpenCv\libs\opencv\include\opencv2\gpu\device</Filter>
    </ClInclude>
    <ClInclude Include="..\..\..\addons\ofxOpenCv\libs\opencv\include\opencv2\gpu\device\limits.hpp">
      <Filter>addons\ofxOpenCv\libs\opencv\include\opencv2\gpu\device</Filter>
    </ClInclude>
    <ClInclude Include="..\..\..\addons\ofxOpenCv\libs\opencv\include\opencv2\gpu\device\reduce.hpp">
      <Filter>addons\ofxOpenCv\libs\opencv\include\opencv2\gpu\device</Filter>
    </ClInclude>
    <ClInclude Include="..\..\..\addons\ofxOpenCv\libs\opencv\include\opencv2\gpu\device\saturate_cast.hpp">
      <Filter>addons\ofxOpenCv\libs\opencv\include\opencv2\gpu\device</Filter>
    </ClInclude>
    <ClInclude Include="..\..\..\addons\ofxOpenCv\libs\opencv\include\opencv2\gpu\device\scan.hpp">
      <Filter>addons\ofxOpenCv\libs\opencv\include\opencv2\gpu\device</Filter>
    </ClInclude>
    <ClInclude Include="..\..\..\addons\ofxOpenCv\libs\opencv\include\opencv2\gpu\device\simd_functions.hpp">
      <Filter>addons\ofxOpenCv\libs\opencv\include\opencv2\gpu\device</Filter>
    </ClInclude>
    <ClInclude Include="..\..\..\addons\ofxOpenCv\libs\opencv\include\opencv2\gpu\device\static_check.hpp">
      <Filter>addons\ofxOpenCv\libs\opencv\include\opencv2\gpu\device</Filter>
    </ClInclude>
    <ClInclude Include="..\..\..\addons\ofxOpenCv\libs\opencv\include\opencv2\gpu\device\transform.hpp">
      <Filter>addons\ofxOpenCv\libs\opencv\include\opencv2\gpu\device</Filter>
    </ClInclude>
    <ClInclude Include="..\..\..\addons\ofxOpenCv\libs\opencv\include\opencv2\gpu\device\type_traits.hpp">
      <Filter>addons\ofxOpenCv\libs\opencv\include\opencv2\gpu\device</Filter>
    </ClInclude>
    <ClInclude Include="..\..\..\addons\ofxOpenCv\libs\opencv\include\opencv2\gpu\device\utility.hpp">
      <Filter>addons\ofxOpenCv\libs\opencv\include\opencv2\gpu\device</Filter>
    </ClInclude>
    <ClInclude Include="..\..\..\addons\ofxOpenCv\libs\opencv\include\opencv2\gpu\device\vec_distance.hpp">
      <Filter>addons\ofxOpenCv\libs\opencv\include\opencv2\gpu\device</Filter>
    </ClInclude>
    <ClInclude Include="..\..\..\addons\ofxOpenCv\libs\opencv\include\opencv2\gpu\device\vec_math.hpp">
      <Filter>addons\ofxOpenCv\libs\opencv\include\opencv2\gpu\device</Filter>
    </ClInclude>
    <ClInclude Include="..\..\..\addons\ofxOpenCv\libs\opencv\include\opencv2\gpu\device\vec_traits.hpp">
      <Filter>addons\ofxOpenCv\libs\opencv\include\opencv2\gpu\device</Filter>
    </ClInclude>
    <ClInclude Include="..\..\..\addons\ofxOpenCv\libs\opencv\include\opencv2\gpu\device\warp.hpp">
      <Filter>addons\ofxOpenCv\libs\opencv\include\opencv2\gpu\device</Filter>
    </ClInclude>
    <ClInclude Include="..\..\..\addons\ofxOpenCv\libs\opencv\include\opencv2\gpu\device\warp_reduce.hpp">
      <Filter>addons\ofxOpenCv\libs\opencv\include\opencv2\gpu\device</Filter>
    </ClInclude>
    <ClInclude Include="..\..\..\addons\ofxOpenCv\libs\opencv\include\opencv2\gpu\device\warp_shuffle.hpp">
      <Filter>addons\ofxOpenCv\libs\opencv\include\opencv2\gpu\device</Filter>
    </ClInclude>
    <ClInclude Include="..\..\..\addons\ofxOpenCv\libs\opencv\include\opencv2\gpu\device\detail\color_detail.hpp">
      <Filter>addons\ofxOpenCv\libs\opencv\include\opencv2\gpu\device\detail</Filter>
    </ClInclude>
    <ClInclude Include="..\..\..\addons\ofxOpenCv\libs\opencv\include\opencv2\gpu\device\detail\reduce.hpp">
      <Filter>addons\ofxOpenCv\libs\opencv\include\opencv2\gpu\device\detail</Filter>
    </ClInclude>
    <ClInclude Include="..\..\..\addons\ofxOpenCv\libs\opencv\include\opencv2\gpu\device\detail\reduce_key_val.hpp">
      <Filter>addons\ofxOpenCv\libs\opencv\include\opencv2\gpu\device\detail</Filter>
    </ClInclude>
    <ClInclude Include="..\..\..\addons\ofxOpenCv\libs\opencv\include\opencv2\gpu\device\detail\transform_detail.hpp">
      <Filter>addons\ofxOpenCv\libs\opencv\include\opencv2\gpu\device\detail</Filter>
    </ClInclude>
    <ClInclude Include="..\..\..\addons\ofxOpenCv\libs\opencv\include\opencv2\gpu\device\detail\type_traits_detail.hpp">
      <Filter>addons\ofxOpenCv\libs\opencv\include\opencv2\gpu\device\detail</Filter>
    </ClInclude>
    <ClInclude Include="..\..\..\addons\ofxOpenCv\libs\opencv\include\opencv2\gpu\device\detail\vec_distance_detail.hpp">
      <Filter>addons\ofxOpenCv\libs\opencv\include\opencv2\gpu\device\detail</Filter>
    </ClInclude>
    <ClInclude Include="..\..\..\addons\ofxOpenCv\libs\opencv\include\opencv2\highgui\cap_ios.h">
      <Filter>addons\ofxOpenCv\libs\opencv\include\opencv2\highgui</Filter>
    </ClInclude>
    <ClInclude Include="..\..\..\addons\ofxOpenCv\libs\opencv\include\opencv2\highgui\highgui_c.h">
      <Filter>addons\ofxOpenCv\libs\opencv\include\opencv2\highgui</Filter>
    </ClInclude>
    <ClInclude Include="..\..\..\addons\ofxOpenCv\libs\opencv\include\opencv2\highgui\ios.h">
      <Filter>addons\ofxOpenCv\libs\opencv\include\opencv2\highgui</Filter>
    </ClInclude>
    <ClInclude Include="..\..\..\addons\ofxOpenCv\libs\opencv\include\opencv2\highgui\highgui.hpp">
      <Filter>addons\ofxOpenCv\libs\opencv\include\opencv2\highgui</Filter>
    </ClInclude>
    <ClInclude Include="..\..\..\addons\ofxOpenCv\libs\opencv\include\opencv2\imgproc\imgproc_c.h">
      <Filter>addons\ofxOpenCv\libs\opencv\include\opencv2\imgproc</Filter>
    </ClInclude>
    <ClInclude Include="..\..\..\addons\ofxOpenCv\libs\opencv\include\opencv2\imgproc\types_c.h">
      <Filter>addons\ofxOpenCv\libs\opencv\include\opencv2\imgproc</Filter>
    </ClInclude>
    <ClInclude Include="..\..\..\addons\ofxOpenCv\libs\opencv\include\opencv2\imgproc\imgproc.hpp">
      <Filter>addons\ofxOpenCv\libs\opencv\include\opencv2\imgproc</Filter>
    </ClInclude>
    <ClInclude Include="..\..\..\addons\ofxOpenCv\libs\opencv\include\opencv2\legacy\blobtrack.hpp">
      <Filter>addons\ofxOpenCv\libs\opencv\include\opencv2\legacy</Filter>
    </ClInclude>
    <ClInclude Include="..\..\..\addons\ofxOpenCv\libs\opencv\include\opencv2\legacy\compat.hpp">
      <Filter>addons\ofxOpenCv\libs\opencv\include\opencv2\legacy</Filter>
    </ClInclude>
    <ClInclude Include="..\..\..\addons\ofxOpenCv\libs\opencv\include\opencv2\legacy\legacy.hpp">
      <Filter>addons\ofxOpenCv\libs\opencv\include\opencv2\legacy</Filter>
    </ClInclude>
    <ClInclude Include="..\..\..\addons\ofxOpenCv\libs\opencv\include\opencv2\legacy\streams.hpp">
      <Filter>addons\ofxOpenCv\libs\opencv\include\opencv2\legacy</Filter>
    </ClInclude>
    <ClInclude Include="..\..\..\addons\ofxOpenCv\libs\opencv\include\opencv2\ml\ml.hpp">
      <Filter>addons\ofxOpenCv\libs\opencv\include\opencv2\ml</Filter>
    </ClInclude>
    <ClInclude Include="..\..\..\addons\ofxOpenCv\libs\opencv\include\opencv2\nonfree\features2d.hpp">
      <Filter>addons\ofxOpenCv\libs\opencv\include\opencv2\nonfree</Filter>
    </ClInclude>
    <ClInclude Include="..\..\..\addons\ofxOpenCv\libs\opencv\include\opencv2\nonfree\gpu.hpp">
      <Filter>addons\ofxOpenCv\libs\opencv\include\opencv2\nonfree</Filter>
    </ClInclude>
    <ClInclude Include="..\..\..\addons\ofxOpenCv\libs\opencv\include\opencv2\nonfree\nonfree.hpp">
      <Filter>addons\ofxOpenCv\libs\opencv\include\opencv2\nonfree</Filter>
    </ClInclude>
    <ClInclude Include="..\..\..\addons\ofxOpenCv\libs\opencv\include\opencv2\nonfree\ocl.hpp">
      <Filter>addons\ofxOpenCv\libs\opencv\include\opencv2\nonfree</Filter>
    </ClInclude>
    <ClInclude Include="..\..\..\addons\ofxOpenCv\libs\opencv\include\opencv2\objdetect\objdetect.hpp">
      <Filter>addons\ofxOpenCv\libs\opencv\include\opencv2\objdetect</Filter>
    </ClInclude>
    <ClInclude Include="..\..\..\addons\ofxOpenCv\libs\opencv\include\opencv2\photo\photo_c.h">
      <Filter>addons\ofxOpenCv\libs\opencv\include\opencv2\photo</Filter>
    </ClInclude>
    <ClInclude Include="..\..\..\addons\ofxOpenCv\libs\opencv\include\opencv2\photo\photo.hpp">
      <Filter>addons\ofxOpenCv\libs\opencv\include\opencv2\photo</Filter>
    </ClInclude>
    <ClInclude Include="..\..\..\addons\ofxOpenCv\libs\opencv\include\opencv2\stitching\stitcher.hpp">
      <Filter>addons\ofxOpenCv\libs\opencv\include\opencv2\stitching</Filter>
    </ClInclude>
    <ClInclude Include="..\..\..\addons\ofxOpenCv\libs\opencv\include\opencv2\stitching\warpers.hpp">
      <Filter>addons\ofxOpenCv\libs\opencv\include\opencv2\stitching</Filter>
    </ClInclude>
    <ClInclude Include="..\..\..\addons\ofxOpenCv\libs\opencv\include\opencv2\stitching\detail\autocalib.hpp">
      <Filter>addons\ofxOpenCv\libs\opencv\include\opencv2\stitching\detail</Filter>
    </ClInclude>
    <ClInclude Include="..\..\..\addons\ofxOpenCv\libs\opencv\include\opencv2\stitching\detail\blenders.hpp">
      <Filter>addons\ofxOpenCv\libs\opencv\include\opencv2\stitching\detail</Filter>
    </ClInclude>
    <ClInclude Include="..\..\..\addons\ofxOpenCv\libs\opencv\include\opencv2\stitching\detail\camera.hpp">
      <Filter>addons\ofxOpenCv\libs\opencv\include\opencv2\stitching\detail</Filter>
    </ClInclude>
    <ClInclude Include="..\..\..\addons\ofxOpenCv\libs\opencv\include\opencv2\stitching\detail\exposure_compensate.hpp">
      <Filter>addons\ofxOpenCv\libs\opencv\include\opencv2\stitching\detail</Filter>
    </ClInclude>
    <ClInclude Include="..\..\..\addons\ofxOpenCv\libs\opencv\include\opencv2\stitching\detail\matchers.hpp">
      <Filter>addons\ofxOpenCv\libs\opencv\include\opencv2\stitching\detail</Filter>
    </ClInclude>
    <ClInclude Include="..\..\..\addons\ofxOpenCv\libs\opencv\include\opencv2\stitching\detail\motion_estimators.hpp">
      <Filter>addons\ofxOpenCv\libs\opencv\include\opencv2\stitching\detail</Filter>
    </ClInclude>
    <ClInclude Include="..\..\..\addons\ofxOpenCv\libs\opencv\include\opencv2\stitching\detail\seam_finders.hpp">
      <Filter>addons\ofxOpenCv\libs\opencv\include\opencv2\stitching\detail</Filter>
    </ClInclude>
    <ClInclude Include="..\..\..\addons\ofxOpenCv\libs\opencv\include\opencv2\stitching\detail\util.hpp">
      <Filter>addons\ofxOpenCv\libs\opencv\include\opencv2\stitching\detail</Filter>
    </ClInclude>
    <ClInclude Include="..\..\..\addons\ofxOpenCv\libs\opencv\include\opencv2\stitching\detail\util_inl.hpp">
      <Filter>addons\ofxOpenCv\libs\opencv\include\opencv2\stitching\detail</Filter>
    </ClInclude>
    <ClInclude Include="..\..\..\addons\ofxOpenCv\libs\opencv\include\opencv2\stitching\detail\warpers.hpp">
      <Filter>addons\ofxOpenCv\libs\opencv\include\opencv2\stitching\detail</Filter>
    </ClInclude>
    <ClInclude Include="..\..\..\addons\ofxOpenCv\libs\opencv\include\opencv2\stitching\detail\warpers_inl.hpp">
      <Filter>addons\ofxOpenCv\libs\opencv\include\opencv2\stitching\detail</Filter>
    </ClInclude>
    <ClInclude Include="..\..\..\addons\ofxOpenCv\libs\opencv\include\opencv2\superres\optical_flow.hpp">
      <Filter>addons\ofxOpenCv\libs\opencv\include\opencv2\superres</Filter>
    </ClInclude>
    <ClInclude Include="..\..\..\addons\ofxOpenCv\libs\opencv\include\opencv2\superres\superres.hpp">
      <Filter>addons\ofxOpenCv\libs\opencv\include\opencv2\superres</Filter>
    </ClInclude>
    <ClInclude Include="..\..\..\addons\ofxOpenCv\libs\opencv\include\opencv2\ts\ts_gtest.h">
      <Filter>addons\ofxOpenCv\libs\opencv\include\opencv2\ts</Filter>
    </ClInclude>
    <ClInclude Include="..\..\..\addons\ofxOpenCv\libs\opencv\include\opencv2\ts\gpu_perf.hpp">
      <Filter>addons\ofxOpenCv\libs\opencv\include\opencv2\ts</Filter>
    </ClInclude>
    <ClInclude Include="..\..\..\addons\ofxOpenCv\libs\opencv\include\opencv2\ts\gpu_test.hpp">
      <Filter>addons\ofxOpenCv\libs\opencv\include\opencv2\ts</Filter>
    </ClInclude>
    <ClInclude Include="..\..\..\addons\ofxOpenCv\libs\opencv\include\opencv2\ts\ts.hpp">
      <Filter>addons\ofxOpenCv\libs\opencv\include\opencv2\ts</Filter>
    </ClInclude>
    <ClInclude Include="..\..\..\addons\ofxOpenCv\libs\opencv\include\opencv2\ts\ts_perf.hpp">
      <Filter>addons\ofxOpenCv\libs\opencv\include\opencv2\ts</Filter>
    </ClInclude>
    <ClInclude Include="..\..\..\addons\ofxOpenCv\libs\opencv\include\opencv2\video\background_segm.hpp">
      <Filter>addons\ofxOpenCv\libs\opencv\include\opencv2\video</Filter>
    </ClInclude>
    <ClInclude Include="..\..\..\addons\ofxOpenCv\libs\opencv\include\opencv2\video\tracking.hpp">
      <Filter>addons\ofxOpenCv\libs\opencv\include\opencv2\video</Filter>
    </ClInclude>
    <ClInclude Include="..\..\..\addons\ofxOpenCv\libs\opencv\include\opencv2\video\video.hpp">
      <Filter>addons\ofxOpenCv\libs\opencv\include\opencv2\video</Filter>
    </ClInclude>
    <ClInclude Include="..\..\..\addons\ofxOpenCv\libs\opencv\include\opencv2\videostab\deblurring.hpp">
      <Filter>addons\ofxOpenCv\libs\opencv\include\opencv2\videostab</Filter>
    </ClInclude>
    <ClInclude Include="..\..\..\addons\ofxOpenCv\libs\opencv\include\opencv2\videostab\fast_marching.hpp">
      <Filter>addons\ofxOpenCv\libs\opencv\include\opencv2\videostab</Filter>
    </ClInclude>
    <ClInclude Include="..\..\..\addons\ofxOpenCv\libs\opencv\include\opencv2\videostab\fast_marching_inl.hpp">
      <Filter>addons\ofxOpenCv\libs\opencv\include\opencv2\videostab</Filter>
    </ClInclude>
    <ClInclude Include="..\..\..\addons\ofxOpenCv\libs\opencv\include\opencv2\videostab\frame_source.hpp">
      <Filter>addons\ofxOpenCv\libs\opencv\include\opencv2\videostab</Filter>
    </ClInclude>
    <ClInclude Include="..\..\..\addons\ofxOpenCv\libs\opencv\include\opencv2\videostab\global_motion.hpp">
      <Filter>addons\ofxOpenCv\libs\opencv\include\opencv2\videostab</Filter>
    </ClInclude>
    <ClInclude Include="..\..\..\addons\ofxOpenCv\libs\opencv\include\opencv2\videostab\inpainting.hpp">
      <Filter>addons\ofxOpenCv\libs\opencv\include\opencv2\videostab</Filter>
    </ClInclude>
    <ClInclude Include="..\..\..\addons\ofxOpenCv\libs\opencv\include\opencv2\videostab\log.hpp">
      <Filter>addons\ofxOpenCv\libs\opencv\include\opencv2\videostab</Filter>
    </ClInclude>
    <ClInclude Include="..\..\..\addons\ofxOpenCv\libs\opencv\include\opencv2\videostab\motion_stabilizing.hpp">
      <Filter>addons\ofxOpenCv\libs\opencv\include\opencv2\videostab</Filter>
    </ClInclude>
    <ClInclude Include="..\..\..\addons\ofxOpenCv\libs\opencv\include\opencv2\videostab\optical_flow.hpp">
      <Filter>addons\ofxOpenCv\libs\opencv\include\opencv2\videostab</Filter>
    </ClInclude>
    <ClInclude Include="..\..\..\addons\ofxOpenCv\libs\opencv\include\opencv2\videostab\stabilizer.hpp">
      <Filter>addons\ofxOpenCv\libs\opencv\include\opencv2\videostab</Filter>
    </ClInclude>
    <ClInclude Include="..\..\..\addons\ofxOpenCv\libs\opencv\include\opencv2\videostab\videostab.hpp">
      <Filter>addons\ofxOpenCv\libs\opencv\include\opencv2\videostab</Filter>
    </ClInclude>
    <ClInclude Include="..\..\..\addons\ofxJSON\src\ofxJSON.h">
      <Filter>addons\ofxJSON\src</Filter>
    </ClInclude>
    <ClInclude Include="..\..\..\addons\ofxJSON\src\ofxJSONElement.h">
      <Filter>addons\ofxJSON\src</Filter>
    </ClInclude>
    <ClInclude Include="..\..\..\addons\ofxJSON\libs\jsoncpp\include\json\json-forwards.h">
      <Filter>addons\ofxJSON\libs\jsoncpp\include\json</Filter>
    </ClInclude>
    <ClInclude Include="..\..\..\addons\ofxJSON\libs\jsoncpp\include\json\json.h">
      <Filter>addons\ofxJSON\libs\jsoncpp\include\json</Filter>
    </ClInclude>
    <ClInclude Include="src\masterHeaders.h">
      <Filter>src</Filter>
    </ClInclude>
    <ClInclude Include="src\mpiJoints.h">
      <Filter>src</Filter>
    </ClInclude>
    <ClInclude Include="src\openPoseUtil.h">
      <Filter>src</Filter>
    </ClInclude>
    <ClInclude Include="src\cocoJoints.h">
      <Filter>src</Filter>
    </ClInclude>
  </ItemGroup>
  <ItemGroup>
    <ResourceCompile Include="icon.rc" />
  </ItemGroup>
</Project>